
Microsoft Visual Studio Solution File, Format Version 12.00
# Visual Studio 2012
Project("{FAE04EC0-301F-11D3-BF4B-00C04F79EFBC}") = "SimpleHttp", "SimpleHttp\SimpleHttp.csproj", "{B2706377-24A9-4F0C-A502-E0BEDCED008A}"
EndProject
Project("{FAE04EC0-301F-11D3-BF4B-00C04F79EFBC}") = "SimpleHttp.Droid", "SimpleHttp.Droid\SimpleHttp.Droid.csproj", "{D3F357E7-2F95-4643-BD94-84AB832302EA}"
EndProject
Project("{FAE04EC0-301F-11D3-BF4B-00C04F79EFBC}") = "SimpleHttp.iOS", "SimpleHttp.iOS\SimpleHttp.iOS.csproj", "{E094E7A0-1625-4ACC-B7EB-A6DFA61C1FF7}"
EndProject
Global
	GlobalSection(SolutionConfigurationPlatforms) = preSolution
		Debug|Any CPU = Debug|Any CPU
		Release|Any CPU = Release|Any CPU
	EndGlobalSection
	GlobalSection(ProjectConfigurationPlatforms) = postSolution
		{B2706377-24A9-4F0C-A502-E0BEDCED008A}.Debug|Any CPU.ActiveCfg = Debug|Any CPU
		{B2706377-24A9-4F0C-A502-E0BEDCED008A}.Debug|Any CPU.Build.0 = Debug|Any CPU
		{B2706377-24A9-4F0C-A502-E0BEDCED008A}.Release|Any CPU.ActiveCfg = Release|Any CPU
		{B2706377-24A9-4F0C-A502-E0BEDCED008A}.Release|Any CPU.Build.0 = Release|Any CPU
		{D3F357E7-2F95-4643-BD94-84AB832302EA}.Debug|Any CPU.ActiveCfg = Debug|Any CPU
		{D3F357E7-2F95-4643-BD94-84AB832302EA}.Debug|Any CPU.Build.0 = Debug|Any CPU
		{D3F357E7-2F95-4643-BD94-84AB832302EA}.Release|Any CPU.ActiveCfg = Release|Any CPU
		{D3F357E7-2F95-4643-BD94-84AB832302EA}.Release|Any CPU.Build.0 = Release|Any CPU
		{E094E7A0-1625-4ACC-B7EB-A6DFA61C1FF7}.Debug|Any CPU.ActiveCfg = Debug|Any CPU
		{E094E7A0-1625-4ACC-B7EB-A6DFA61C1FF7}.Debug|Any CPU.Build.0 = Debug|Any CPU
		{E094E7A0-1625-4ACC-B7EB-A6DFA61C1FF7}.Release|Any CPU.ActiveCfg = Release|Any CPU
		{E094E7A0-1625-4ACC-B7EB-A6DFA61C1FF7}.Release|Any CPU.Build.0 = Release|Any CPU
	EndGlobalSection
EndGlobal
